// !$*UTF8*$!
{
	archiveVersion = 1;
	classes = {
	};
	objectVersion = 77;
	objects = {

/* Begin PBXContainerItemProxy section */
		54242DEB2CED2F3C001CC696 /* PBXContainerItemProxy */ = {
			isa = PBXContainerItemProxy;
			containerPortal = 54242DD02CED2F3B001CC696 /* Project object */;
			proxyType = 1;
			remoteGlobalIDString = 54242DD72CED2F3B001CC696;
			remoteInfo = LJPBucketList;
		};
		54242DF52CED2F3C001CC696 /* PBXContainerItemProxy */ = {
			isa = PBXContainerItemProxy;
			containerPortal = 54242DD02CED2F3B001CC696 /* Project object */;
			proxyType = 1;
			remoteGlobalIDString = 54242DD72CED2F3B001CC696;
			remoteInfo = LJPBucketList;
		};
/* End PBXContainerItemProxy section */

/* Begin PBXFileReference section */
		54242DD82CED2F3B001CC696 /* LJPBucketList.app */ = {isa = PBXFileReference; explicitFileType = wrapper.application; includeInIndex = 0; path = LJPBucketList.app; sourceTree = BUILT_PRODUCTS_DIR; };
		54242DEA2CED2F3C001CC696 /* LJPBucketListTests.xctest */ = {isa = PBXFileReference; explicitFileType = wrapper.cfbundle; includeInIndex = 0; path = LJPBucketListTests.xctest; sourceTree = BUILT_PRODUCTS_DIR; };
		54242DF42CED2F3C001CC696 /* LJPBucketListUITests.xctest */ = {isa = PBXFileReference; explicitFileType = wrapper.cfbundle; includeInIndex = 0; path = LJPBucketListUITests.xctest; sourceTree = BUILT_PRODUCTS_DIR; };
/* End PBXFileReference section */

/* Begin PBXFileSystemSynchronizedBuildFileExceptionSet section */
		54EB9F132D34224A00D2BDD7 /* Exceptions for "LJPBucketList" folder in "LJPBucketList" target */ = {
			isa = PBXFileSystemSynchronizedBuildFileExceptionSet;
			membershipExceptions = (
				Resources/Info.plist,
			);
			target = 54242DD72CED2F3B001CC696 /* LJPBucketList */;
		};
/* End PBXFileSystemSynchronizedBuildFileExceptionSet section */

/* Begin PBXFileSystemSynchronizedRootGroup section */
		54242DDA2CED2F3B001CC696 /* LJPBucketList */ = {
			isa = PBXFileSystemSynchronizedRootGroup;
			exceptions = (
				54EB9F132D34224A00D2BDD7 /* Exceptions for "LJPBucketList" folder in "LJPBucketList" target */,
			);
			path = LJPBucketList;
			sourceTree = "<group>";
		};
		54242DED2CED2F3C001CC696 /* LJPBucketListTests */ = {
			isa = PBXFileSystemSynchronizedRootGroup;
			path = LJPBucketListTests;
			sourceTree = "<group>";
		};
		54242DF72CED2F3C001CC696 /* LJPBucketListUITests */ = {
			isa = PBXFileSystemSynchronizedRootGroup;
			path = LJPBucketListUITests;
			sourceTree = "<group>";
		};
/* End PBXFileSystemSynchronizedRootGroup section */

/* Begin PBXFrameworksBuildPhase section */
		54242DD52CED2F3B001CC696 /* Frameworks */ = {
			isa = PBXFrameworksBuildPhase;
			buildActionMask = 2147483647;
			files = (
			);
			runOnlyForDeploymentPostprocessing = 0;
		};
		54242DE72CED2F3C001CC696 /* Frameworks */ = {
			isa = PBXFrameworksBuildPhase;
			buildActionMask = 2147483647;
			files = (
			);
			runOnlyForDeploymentPostprocessing = 0;
		};
		54242DF12CED2F3C001CC696 /* Frameworks */ = {
			isa = PBXFrameworksBuildPhase;
			buildActionMask = 2147483647;
			files = (
			);
			runOnlyForDeploymentPostprocessing = 0;
		};
/* End PBXFrameworksBuildPhase section */

/* Begin PBXGroup section */
		54242DCF2CED2F3B001CC696 = {
			isa = PBXGroup;
			children = (
				54242DDA2CED2F3B001CC696 /* LJPBucketList */,
				54242DED2CED2F3C001CC696 /* LJPBucketListTests */,
				54242DF72CED2F3C001CC696 /* LJPBucketListUITests */,
				54242DD92CED2F3B001CC696 /* Products */,
			);
			sourceTree = "<group>";
		};
		54242DD92CED2F3B001CC696 /* Products */ = {
			isa = PBXGroup;
			children = (
				54242DD82CED2F3B001CC696 /* LJPBucketList.app */,
				54242DEA2CED2F3C001CC696 /* LJPBucketListTests.xctest */,
				54242DF42CED2F3C001CC696 /* LJPBucketListUITests.xctest */,
			);
			name = Products;
			sourceTree = "<group>";
		};
/* End PBXGroup section */

/* Begin PBXNativeTarget section */
		54242DD72CED2F3B001CC696 /* LJPBucketList */ = {
			isa = PBXNativeTarget;
			buildConfigurationList = 54242DFE2CED2F3C001CC696 /* Build configuration list for PBXNativeTarget "LJPBucketList" */;
			buildPhases = (
				54242DD42CED2F3B001CC696 /* Sources */,
				54242DD52CED2F3B001CC696 /* Frameworks */,
				54242DD62CED2F3B001CC696 /* Resources */,
			);
			buildRules = (
			);
			dependencies = (
			);
			fileSystemSynchronizedGroups = (
				54242DDA2CED2F3B001CC696 /* LJPBucketList */,
			);
			name = LJPBucketList;
			packageProductDependencies = (
			);
			productName = LJPBucketList;
			productReference = 54242DD82CED2F3B001CC696 /* LJPBucketList.app */;
			productType = "com.apple.product-type.application";
		};
		54242DE92CED2F3C001CC696 /* LJPBucketListTests */ = {
			isa = PBXNativeTarget;
			buildConfigurationList = 54242E012CED2F3C001CC696 /* Build configuration list for PBXNativeTarget "LJPBucketListTests" */;
			buildPhases = (
				54242DE62CED2F3C001CC696 /* Sources */,
				54242DE72CED2F3C001CC696 /* Frameworks */,
				54242DE82CED2F3C001CC696 /* Resources */,
			);
			buildRules = (
			);
			dependencies = (
				54242DEC2CED2F3C001CC696 /* PBXTargetDependency */,
			);
			fileSystemSynchronizedGroups = (
				54242DED2CED2F3C001CC696 /* LJPBucketListTests */,
			);
			name = LJPBucketListTests;
			packageProductDependencies = (
			);
			productName = LJPBucketListTests;
			productReference = 54242DEA2CED2F3C001CC696 /* LJPBucketListTests.xctest */;
			productType = "com.apple.product-type.bundle.unit-test";
		};
		54242DF32CED2F3C001CC696 /* LJPBucketListUITests */ = {
			isa = PBXNativeTarget;
			buildConfigurationList = 54242E042CED2F3C001CC696 /* Build configuration list for PBXNativeTarget "LJPBucketListUITests" */;
			buildPhases = (
				54242DF02CED2F3C001CC696 /* Sources */,
				54242DF12CED2F3C001CC696 /* Frameworks */,
				54242DF22CED2F3C001CC696 /* Resources */,
			);
			buildRules = (
			);
			dependencies = (
				54242DF62CED2F3C001CC696 /* PBXTargetDependency */,
			);
			fileSystemSynchronizedGroups = (
				54242DF72CED2F3C001CC696 /* LJPBucketListUITests */,
			);
			name = LJPBucketListUITests;
			packageProductDependencies = (
			);
			productName = LJPBucketListUITests;
			productReference = 54242DF42CED2F3C001CC696 /* LJPBucketListUITests.xctest */;
			productType = "com.apple.product-type.bundle.ui-testing";
		};
/* End PBXNativeTarget section */

/* Begin PBXProject section */
		54242DD02CED2F3B001CC696 /* Project object */ = {
			isa = PBXProject;
			attributes = {
				BuildIndependentTargetsInParallel = 1;
				LastSwiftUpdateCheck = 1610;
				LastUpgradeCheck = 1610;
				TargetAttributes = {
					54242DD72CED2F3B001CC696 = {
						CreatedOnToolsVersion = 16.1;
					};
					54242DE92CED2F3C001CC696 = {
						CreatedOnToolsVersion = 16.1;
						TestTargetID = 54242DD72CED2F3B001CC696;
					};
					54242DF32CED2F3C001CC696 = {
						CreatedOnToolsVersion = 16.1;
						TestTargetID = 54242DD72CED2F3B001CC696;
					};
				};
			};
			buildConfigurationList = 54242DD32CED2F3B001CC696 /* Build configuration list for PBXProject "LJPBucketList" */;
			developmentRegion = en;
			hasScannedForEncodings = 0;
			knownRegions = (
				en,
				Base,
			);
			mainGroup = 54242DCF2CED2F3B001CC696;
			minimizedProjectReferenceProxies = 1;
			preferredProjectObjectVersion = 77;
			productRefGroup = 54242DD92CED2F3B001CC696 /* Products */;
			projectDirPath = "";
			projectRoot = "";
			targets = (
				54242DD72CED2F3B001CC696 /* LJPBucketList */,
				54242DE92CED2F3C001CC696 /* LJPBucketListTests */,
				54242DF32CED2F3C001CC696 /* LJPBucketListUITests */,
			);
		};
/* End PBXProject section */

/* Begin PBXResourcesBuildPhase section */
		54242DD62CED2F3B001CC696 /* Resources */ = {
			isa = PBXResourcesBuildPhase;
			buildActionMask = 2147483647;
			files = (
			);
			runOnlyForDeploymentPostprocessing = 0;
		};
		54242DE82CED2F3C001CC696 /* Resources */ = {
			isa = PBXResourcesBuildPhase;
			buildActionMask = 2147483647;
			files = (
			);
			runOnlyForDeploymentPostprocessing = 0;
		};
		54242DF22CED2F3C001CC696 /* Resources */ = {
			isa = PBXResourcesBuildPhase;
			buildActionMask = 2147483647;
			files = (
			);
			runOnlyForDeploymentPostprocessing = 0;
		};
/* End PBXResourcesBuildPhase section */

/* Begin PBXSourcesBuildPhase section */
		54242DD42CED2F3B001CC696 /* Sources */ = {
			isa = PBXSourcesBuildPhase;
			buildActionMask = 2147483647;
			files = (
			);
			runOnlyForDeploymentPostprocessing = 0;
		};
		54242DE62CED2F3C001CC696 /* Sources */ = {
			isa = PBXSourcesBuildPhase;
			buildActionMask = 2147483647;
			files = (
			);
			runOnlyForDeploymentPostprocessing = 0;
		};
		54242DF02CED2F3C001CC696 /* Sources */ = {
			isa = PBXSourcesBuildPhase;
			buildActionMask = 2147483647;
			files = (
			);
			runOnlyForDeploymentPostprocessing = 0;
		};
/* End PBXSourcesBuildPhase section */

/* Begin PBXTargetDependency section */
		54242DEC2CED2F3C001CC696 /* PBXTargetDependency */ = {
			isa = PBXTargetDependency;
			target = 54242DD72CED2F3B001CC696 /* LJPBucketList */;
			targetProxy = 54242DEB2CED2F3C001CC696 /* PBXContainerItemProxy */;
		};
		54242DF62CED2F3C001CC696 /* PBXTargetDependency */ = {
			isa = PBXTargetDependency;
			target = 54242DD72CED2F3B001CC696 /* LJPBucketList */;
			targetProxy = 54242DF52CED2F3C001CC696 /* PBXContainerItemProxy */;
		};
/* End PBXTargetDependency section */

/* Begin XCBuildConfiguration section */
		54242DFC2CED2F3C001CC696 /* Debug */ = {
			isa = XCBuildConfiguration;
			buildSettings = {
				ALWAYS_SEARCH_USER_PATHS = NO;
				ASSETCATALOG_COMPILER_GENERATE_SWIFT_ASSET_SYMBOL_EXTENSIONS = YES;
				CLANG_ANALYZER_NONNULL = YES;
				CLANG_ANALYZER_NUMBER_OBJECT_CONVERSION = YES_AGGRESSIVE;
				CLANG_CXX_LANGUAGE_STANDARD = "gnu++20";
				CLANG_ENABLE_MODULES = YES;
				CLANG_ENABLE_OBJC_ARC = YES;
				CLANG_ENABLE_OBJC_WEAK = YES;
				CLANG_WARN_BLOCK_CAPTURE_AUTORELEASING = YES;
				CLANG_WARN_BOOL_CONVERSION = YES;
				CLANG_WARN_COMMA = YES;
				CLANG_WARN_CONSTANT_CONVERSION = YES;
				CLANG_WARN_DEPRECATED_OBJC_IMPLEMENTATIONS = YES;
				CLANG_WARN_DIRECT_OBJC_ISA_USAGE = YES_ERROR;
				CLANG_WARN_DOCUMENTATION_COMMENTS = YES;
				CLANG_WARN_EMPTY_BODY = YES;
				CLANG_WARN_ENUM_CONVERSION = YES;
				CLANG_WARN_INFINITE_RECURSION = YES;
				CLANG_WARN_INT_CONVERSION = YES;
				CLANG_WARN_NON_LITERAL_NULL_CONVERSION = YES;
				CLANG_WARN_OBJC_IMPLICIT_RETAIN_SELF = YES;
				CLANG_WARN_OBJC_LITERAL_CONVERSION = YES;
				CLANG_WARN_OBJC_ROOT_CLASS = YES_ERROR;
				CLANG_WARN_QUOTED_INCLUDE_IN_FRAMEWORK_HEADER = YES;
				CLANG_WARN_RANGE_LOOP_ANALYSIS = YES;
				CLANG_WARN_STRICT_PROTOTYPES = YES;
				CLANG_WARN_SUSPICIOUS_MOVE = YES;
				CLANG_WARN_UNGUARDED_AVAILABILITY = YES_AGGRESSIVE;
				CLANG_WARN_UNREACHABLE_CODE = YES;
				CLANG_WARN__DUPLICATE_METHOD_MATCH = YES;
				COPY_PHASE_STRIP = NO;
				DEBUG_INFORMATION_FORMAT = dwarf;
				ENABLE_STRICT_OBJC_MSGSEND = YES;
				ENABLE_TESTABILITY = YES;
				ENABLE_USER_SCRIPT_SANDBOXING = YES;
				GCC_C_LANGUAGE_STANDARD = gnu17;
				GCC_DYNAMIC_NO_PIC = NO;
				GCC_NO_COMMON_BLOCKS = YES;
				GCC_OPTIMIZATION_LEVEL = 0;
				GCC_PREPROCESSOR_DEFINITIONS = (
					"DEBUG=1",
					"$(inherited)",
				);
				GCC_WARN_64_TO_32_BIT_CONVERSION = YES;
				GCC_WARN_ABOUT_RETURN_TYPE = YES_ERROR;
				GCC_WARN_UNDECLARED_SELECTOR = YES;
				GCC_WARN_UNINITIALIZED_AUTOS = YES_AGGRESSIVE;
				GCC_WARN_UNUSED_FUNCTION = YES;
				GCC_WARN_UNUSED_VARIABLE = YES;
				IPHONEOS_DEPLOYMENT_TARGET = 18.1;
				LOCALIZATION_PREFERS_STRING_CATALOGS = YES;
				MTL_ENABLE_DEBUG_INFO = INCLUDE_SOURCE;
				MTL_FAST_MATH = YES;
				ONLY_ACTIVE_ARCH = YES;
				SDKROOT = iphoneos;
				SWIFT_ACTIVE_COMPILATION_CONDITIONS = "DEBUG $(inherited)";
				SWIFT_EMIT_LOC_STRINGS = YES;
				SWIFT_OPTIMIZATION_LEVEL = "-Onone";
			};
			name = Debug;
		};
		54242DFD2CED2F3C001CC696 /* Release */ = {
			isa = XCBuildConfiguration;
			buildSettings = {
				ALWAYS_SEARCH_USER_PATHS = NO;
				ASSETCATALOG_COMPILER_GENERATE_SWIFT_ASSET_SYMBOL_EXTENSIONS = YES;
				CLANG_ANALYZER_NONNULL = YES;
				CLANG_ANALYZER_NUMBER_OBJECT_CONVERSION = YES_AGGRESSIVE;
				CLANG_CXX_LANGUAGE_STANDARD = "gnu++20";
				CLANG_ENABLE_MODULES = YES;
				CLANG_ENABLE_OBJC_ARC = YES;
				CLANG_ENABLE_OBJC_WEAK = YES;
				CLANG_WARN_BLOCK_CAPTURE_AUTORELEASING = YES;
				CLANG_WARN_BOOL_CONVERSION = YES;
				CLANG_WARN_COMMA = YES;
				CLANG_WARN_CONSTANT_CONVERSION = YES;
				CLANG_WARN_DEPRECATED_OBJC_IMPLEMENTATIONS = YES;
				CLANG_WARN_DIRECT_OBJC_ISA_USAGE = YES_ERROR;
				CLANG_WARN_DOCUMENTATION_COMMENTS = YES;
				CLANG_WARN_EMPTY_BODY = YES;
				CLANG_WARN_ENUM_CONVERSION = YES;
				CLANG_WARN_INFINITE_RECURSION = YES;
				CLANG_WARN_INT_CONVERSION = YES;
				CLANG_WARN_NON_LITERAL_NULL_CONVERSION = YES;
				CLANG_WARN_OBJC_IMPLICIT_RETAIN_SELF = YES;
				CLANG_WARN_OBJC_LITERAL_CONVERSION = YES;
				CLANG_WARN_OBJC_ROOT_CLASS = YES_ERROR;
				CLANG_WARN_QUOTED_INCLUDE_IN_FRAMEWORK_HEADER = YES;
				CLANG_WARN_RANGE_LOOP_ANALYSIS = YES;
				CLANG_WARN_STRICT_PROTOTYPES = YES;
				CLANG_WARN_SUSPICIOUS_MOVE = YES;
				CLANG_WARN_UNGUARDED_AVAILABILITY = YES_AGGRESSIVE;
				CLANG_WARN_UNREACHABLE_CODE = YES;
				CLANG_WARN__DUPLICATE_METHOD_MATCH = YES;
				COPY_PHASE_STRIP = NO;
				DEBUG_INFORMATION_FORMAT = "dwarf-with-dsym";
				ENABLE_NS_ASSERTIONS = NO;
				ENABLE_STRICT_OBJC_MSGSEND = YES;
				ENABLE_USER_SCRIPT_SANDBOXING = YES;
				GCC_C_LANGUAGE_STANDARD = gnu17;
				GCC_NO_COMMON_BLOCKS = YES;
				GCC_WARN_64_TO_32_BIT_CONVERSION = YES;
				GCC_WARN_ABOUT_RETURN_TYPE = YES_ERROR;
				GCC_WARN_UNDECLARED_SELECTOR = YES;
				GCC_WARN_UNINITIALIZED_AUTOS = YES_AGGRESSIVE;
				GCC_WARN_UNUSED_FUNCTION = YES;
				GCC_WARN_UNUSED_VARIABLE = YES;
				IPHONEOS_DEPLOYMENT_TARGET = 18.1;
				LOCALIZATION_PREFERS_STRING_CATALOGS = YES;
				MTL_ENABLE_DEBUG_INFO = NO;
				MTL_FAST_MATH = YES;
				SDKROOT = iphoneos;
				SWIFT_COMPILATION_MODE = wholemodule;
				SWIFT_EMIT_LOC_STRINGS = YES;
				VALIDATE_PRODUCT = YES;
			};
			name = Release;
		};
		54242DFF2CED2F3C001CC696 /* Debug */ = {
			isa = XCBuildConfiguration;
			buildSettings = {
				ASSETCATALOG_COMPILER_APPICON_NAME = AppIcon;
				ASSETCATALOG_COMPILER_GLOBAL_ACCENT_COLOR_NAME = AccentColor;
				CODE_SIGN_STYLE = Automatic;
				CURRENT_PROJECT_VERSION = 1;
				DEVELOPMENT_ASSET_PATHS = "\"LJPBucketList/Preview Content\"";
				DEVELOPMENT_TEAM = P77FGAZQUC;
				ENABLE_PREVIEWS = YES;
				GENERATE_INFOPLIST_FILE = YES;
				INFOPLIST_FILE = LJPBucketList/Resources/Info.plist;
				INFOPLIST_KEY_UIApplicationSceneManifest_Generation = YES;
				INFOPLIST_KEY_UIApplicationSupportsIndirectInputEvents = YES;
				INFOPLIST_KEY_UISupportedInterfaceOrientations = UIInterfaceOrientationPortrait;
				INFOPLIST_KEY_UISupportedInterfaceOrientations_iPad = "UIInterfaceOrientationLandscapeLeft UIInterfaceOrientationLandscapeRight UIInterfaceOrientationPortrait UIInterfaceOrientationPortraitUpsideDown";
				LD_RUNPATH_SEARCH_PATHS = (
					"$(inherited)",
					"@executable_path/Frameworks",
				);
				MARKETING_VERSION = 1.0;
				PRODUCT_BUNDLE_IDENTIFIER = com.tineramos.LJPBucketList;
				PRODUCT_NAME = "$(TARGET_NAME)";
				SUPPORTED_PLATFORMS = "iphoneos iphonesimulator";
				SUPPORTS_MACCATALYST = NO;
				SUPPORTS_MAC_DESIGNED_FOR_IPHONE_IPAD = NO;
				SUPPORTS_XR_DESIGNED_FOR_IPHONE_IPAD = NO;
				SWIFT_EMIT_LOC_STRINGS = YES;
				SWIFT_VERSION = 5.0;
				TARGETED_DEVICE_FAMILY = "1,2";
			};
			name = Debug;
		};
		54242E002CED2F3C001CC696 /* Release */ = {
			isa = XCBuildConfiguration;
			buildSettings = {
				ASSETCATALOG_COMPILER_APPICON_NAME = AppIcon;
				ASSETCATALOG_COMPILER_GLOBAL_ACCENT_COLOR_NAME = AccentColor;
				CODE_SIGN_STYLE = Automatic;
				CURRENT_PROJECT_VERSION = 1;
				DEVELOPMENT_ASSET_PATHS = "\"LJPBucketList/Preview Content\"";
				DEVELOPMENT_TEAM = P77FGAZQUC;
				ENABLE_PREVIEWS = YES;
				GENERATE_INFOPLIST_FILE = YES;
				INFOPLIST_FILE = LJPBucketList/Resources/Info.plist;
				INFOPLIST_KEY_UIApplicationSceneManifest_Generation = YES;
				INFOPLIST_KEY_UIApplicationSupportsIndirectInputEvents = YES;
				INFOPLIST_KEY_UISupportedInterfaceOrientations = UIInterfaceOrientationPortrait;
				INFOPLIST_KEY_UISupportedInterfaceOrientations_iPad = "UIInterfaceOrientationLandscapeLeft UIInterfaceOrientationLandscapeRight UIInterfaceOrientationPortrait UIInterfaceOrientationPortraitUpsideDown";
				LD_RUNPATH_SEARCH_PATHS = (
					"$(inherited)",
					"@executable_path/Frameworks",
				);
				MARKETING_VERSION = 1.0;
				PRODUCT_BUNDLE_IDENTIFIER = com.tineramos.LJPBucketList;
				PRODUCT_NAME = "$(TARGET_NAME)";
				SUPPORTED_PLATFORMS = "iphoneos iphonesimulator";
				SUPPORTS_MACCATALYST = NO;
				SUPPORTS_MAC_DESIGNED_FOR_IPHONE_IPAD = NO;
				SUPPORTS_XR_DESIGNED_FOR_IPHONE_IPAD = NO;
				SWIFT_EMIT_LOC_STRINGS = YES;
				SWIFT_VERSION = 5.0;
				TARGETED_DEVICE_FAMILY = "1,2";
			};
			name = Release;
		};
		54242E022CED2F3C001CC696 /* Debug */ = {
			isa = XCBuildConfiguration;
			buildSettings = {
				BUNDLE_LOADER = "$(TEST_HOST)";
				CODE_SIGN_STYLE = Automatic;
				CURRENT_PROJECT_VERSION = 1;
				DEVELOPMENT_TEAM = P77FGAZQUC;
				GENERATE_INFOPLIST_FILE = YES;
				IPHONEOS_DEPLOYMENT_TARGET = 18.1;
				MARKETING_VERSION = 1.0;
				PRODUCT_BUNDLE_IDENTIFIER = com.tineramos.LJPBucketListTests;
				PRODUCT_NAME = "$(TARGET_NAME)";
				SWIFT_EMIT_LOC_STRINGS = NO;
				SWIFT_VERSION = 5.0;
				TARGETED_DEVICE_FAMILY = "1,2";
				TEST_HOST = "$(BUILT_PRODUCTS_DIR)/LJPBucketList.app/$(BUNDLE_EXECUTABLE_FOLDER_PATH)/LJPBucketList";
			};
			name = Debug;
		};
		54242E032CED2F3C001CC696 /* Release */ = {
			isa = XCBuildConfiguration;
			buildSettings = {
				BUNDLE_LOADER = "$(TEST_HOST)";
				CODE_SIGN_STYLE = Automatic;
				CURRENT_PROJECT_VERSION = 1;
				DEVELOPMENT_TEAM = P77FGAZQUC;
				GENERATE_INFOPLIST_FILE = YES;
				IPHONEOS_DEPLOYMENT_TARGET = 18.1;
				MARKETING_VERSION = 1.0;
				PRODUCT_BUNDLE_IDENTIFIER = com.tineramos.LJPBucketListTests;
				PRODUCT_NAME = "$(TARGET_NAME)";
				SWIFT_EMIT_LOC_STRINGS = NO;
				SWIFT_VERSION = 5.0;
				TARGETED_DEVICE_FAMILY = "1,2";
				TEST_HOST = "$(BUILT_PRODUCTS_DIR)/LJPBucketList.app/$(BUNDLE_EXECUTABLE_FOLDER_PATH)/LJPBucketList";
			};
			name = Release;
		};
		54242E052CED2F3C001CC696 /* Debug */ = {
			isa = XCBuildConfiguration;
			buildSettings = {
				CODE_SIGN_STYLE = Automatic;
				CURRENT_PROJECT_VERSION = 1;
				DEVELOPMENT_TEAM = P77FGAZQUC;
				GENERATE_INFOPLIST_FILE = YES;
				MARKETING_VERSION = 1.0;
				PRODUCT_BUNDLE_IDENTIFIER = com.tineramos.LJPBucketListUITests;
				PRODUCT_NAME = "$(TARGET_NAME)";
				SWIFT_EMIT_LOC_STRINGS = NO;
				SWIFT_VERSION = 5.0;
				TARGETED_DEVICE_FAMILY = "1,2";
				TEST_TARGET_NAME = LJPBucketList;
			};
			name = Debug;
		};
		54242E062CED2F3C001CC696 /* Release */ = {
			isa = XCBuildConfiguration;
			buildSettings = {
				CODE_SIGN_STYLE = Automatic;
				CURRENT_PROJECT_VERSION = 1;
				DEVELOPMENT_TEAM = P77FGAZQUC;
				GENERATE_INFOPLIST_FILE = YES;
				MARKETING_VERSION = 1.0;
				PRODUCT_BUNDLE_IDENTIFIER = com.tineramos.LJPBucketListUITests;
				PRODUCT_NAME = "$(TARGET_NAME)";
				SWIFT_EMIT_LOC_STRINGS = NO;
				SWIFT_VERSION = 5.0;
				TARGETED_DEVICE_FAMILY = "1,2";
				TEST_TARGET_NAME = LJPBucketList;
			};
			name = Release;
		};
/* End XCBuildConfiguration section */

/* Begin XCConfigurationList section */
		54242DD32CED2F3B001CC696 /* Build configuration list for PBXProject "LJPBucketList" */ = {
			isa = XCConfigurationList;
			buildConfigurations = (
				54242DFC2CED2F3C001CC696 /* Debug */,
				54242DFD2CED2F3C001CC696 /* Release */,
			);
			defaultConfigurationIsVisible = 0;
			defaultConfigurationName = Release;
		};
		54242DFE2CED2F3C001CC696 /* Build configuration list for PBXNativeTarget "LJPBucketList" */ = {
			isa = XCConfigurationList;
			buildConfigurations = (
				54242DFF2CED2F3C001CC696 /* Debug */,
				54242E002CED2F3C001CC696 /* Release */,
			);
			defaultConfigurationIsVisible = 0;
			defaultConfigurationName = Release;
		};
		54242E012CED2F3C001CC696 /* Build configuration list for PBXNativeTarget "LJPBucketListTests" */ = {
			isa = XCConfigurationList;
			buildConfigurations = (
				54242E022CED2F3C001CC696 /* Debug */,
				54242E032CED2F3C001CC696 /* Release */,
			);
			defaultConfigurationIsVisible = 0;
			defaultConfigurationName = Release;
		};
		54242E042CED2F3C001CC696 /* Build configuration list for PBXNativeTarget "LJPBucketListUITests" */ = {
			isa = XCConfigurationList;
			buildConfigurations = (
				54242E052CED2F3C001CC696 /* Debug */,
				54242E062CED2F3C001CC696 /* Release */,
			);
			defaultConfigurationIsVisible = 0;
			defaultConfigurationName = Release;
		};
/* End XCConfigurationList section */
	};
	rootObject = 54242DD02CED2F3B001CC696 /* Project object */;
}
